
Microsoft Visual Studio Solution File, Format Version 12.00
Project("{FAE04EC0-301F-11D3-BF4B-00C04F79EFBC}") = "ProtoCart.Data.Common", "ProtoCart.Data.Common\ProtoCart.Data.Common.csproj", "{13A452C7-1CD4-4056-9F4E-F8A64EA25F29}"
EndProject
Project("{FAE04EC0-301F-11D3-BF4B-00C04F79EFBC}") = "ProtoCart.Services.Common", "ProtoCart.Services.Common\ProtoCart.Services.Common.csproj", "{9FF46D59-CD0F-4CBF-96F8-52EE632A8EE3}"
EndProject
Project("{2150E333-8FDC-42A3-9474-1A3956D46DE8}") = "Common", "Common", "{AA5756E5-FBB9-4F3B-84E6-A46D12449DF5}"
EndProject
Project("{2150E333-8FDC-42A3-9474-1A3956D46DE8}") = "Specific", "Specific", "{B7F6867F-679C-4182-BAFE-4D0F67FA8212}"
EndProject
Project("{FAE04EC0-301F-11D3-BF4B-00C04F79EFBC}") = "ProtoCart.Data.Database", "ProtoCart.Data.Database\ProtoCart.Data.Database.csproj", "{BE1797E4-A5DE-420A-A31F-0545D3C9027B}"
EndProject
Project("{FAE04EC0-301F-11D3-BF4B-00C04F79EFBC}") = "ProtoCart.Data.Validation", "ProtoCart.Data.Validation\ProtoCart.Data.Validation.csproj", "{EA79F06C-507D-4431-98B8-A6789365CCF7}"
EndProject
Project("{FAE04EC0-301F-11D3-BF4B-00C04F79EFBC}") = "ProtoCart.Services.Templates", "ProtoCart.Services.Templates\ProtoCart.Services.Templates.csproj", "{4CCA1603-A3FB-4C50-B886-8115F7D0DD48}"
EndProject
Project("{2150E333-8FDC-42A3-9474-1A3956D46DE8}") = "Server", "Server", "{2490D311-5634-4143-8281-7E76CA493774}"
EndProject
Project("{FAE04EC0-301F-11D3-BF4B-00C04F79EFBC}") = "ProtoCart.API.Service", "ProtoCart.API.Service\ProtoCart.API.Service.csproj", "{D03E70E7-D2A7-44CF-9D41-532E665ECE52}"
EndProject
Project("{2150E333-8FDC-42A3-9474-1A3956D46DE8}") = "Client", "Client", "{DDEE0398-D2A0-4773-827A-A1580A140979}"
EndProject
Project("{FAE04EC0-301F-11D3-BF4B-00C04F79EFBC}") = "ProtoCart.API.Client", "ProtoCart.API.Client\ProtoCart.API.Client.csproj", "{326A6A06-CED6-41EA-A243-B4D15D2E1684}"
EndProject
Project("{FAE04EC0-301F-11D3-BF4B-00C04F79EFBC}") = "ProtoCart.Services.Log", "ProtoCart.Services.Log\ProtoCart.Services.Log.csproj", "{559FF9F4-7970-4E50-B93C-363379BA54CC}"
EndProject
Project("{FAE04EC0-301F-11D3-BF4B-00C04F79EFBC}") = "ProtoCart.Services.Container", "ProtoCart.Services.Container\ProtoCart.Services.Container.csproj", "{DE5D3D0F-C16C-4D43-AFF1-EB092A5D5441}"
EndProject
Project("{FAE04EC0-301F-11D3-BF4B-00C04F79EFBC}") = "ProtoCart.Services.Scheduler", "ProtoCart.Services.Scheduler\ProtoCart.Services.Scheduler.csproj", "{9F2BB6F4-F47D-4153-9460-1B72AE549067}"
EndProject
Global
	GlobalSection(SolutionConfigurationPlatforms) = preSolution
		Debug|Any CPU = Debug|Any CPU
		Release|Any CPU = Release|Any CPU
	EndGlobalSection
	GlobalSection(ProjectConfigurationPlatforms) = postSolution
		{13A452C7-1CD4-4056-9F4E-F8A64EA25F29}.Debug|Any CPU.ActiveCfg = Debug|Any CPU
		{13A452C7-1CD4-4056-9F4E-F8A64EA25F29}.Debug|Any CPU.Build.0 = Debug|Any CPU
		{13A452C7-1CD4-4056-9F4E-F8A64EA25F29}.Release|Any CPU.ActiveCfg = Release|Any CPU
		{13A452C7-1CD4-4056-9F4E-F8A64EA25F29}.Release|Any CPU.Build.0 = Release|Any CPU
		{9FF46D59-CD0F-4CBF-96F8-52EE632A8EE3}.Debug|Any CPU.ActiveCfg = Debug|Any CPU
		{9FF46D59-CD0F-4CBF-96F8-52EE632A8EE3}.Debug|Any CPU.Build.0 = Debug|Any CPU
		{9FF46D59-CD0F-4CBF-96F8-52EE632A8EE3}.Release|Any CPU.ActiveCfg = Release|Any CPU
		{9FF46D59-CD0F-4CBF-96F8-52EE632A8EE3}.Release|Any CPU.Build.0 = Release|Any CPU
		{BE1797E4-A5DE-420A-A31F-0545D3C9027B}.Debug|Any CPU.ActiveCfg = Debug|Any CPU
		{BE1797E4-A5DE-420A-A31F-0545D3C9027B}.Debug|Any CPU.Build.0 = Debug|Any CPU
		{BE1797E4-A5DE-420A-A31F-0545D3C9027B}.Release|Any CPU.ActiveCfg = Release|Any CPU
		{BE1797E4-A5DE-420A-A31F-0545D3C9027B}.Release|Any CPU.Build.0 = Release|Any CPU
		{EA79F06C-507D-4431-98B8-A6789365CCF7}.Debug|Any CPU.ActiveCfg = Debug|Any CPU
		{EA79F06C-507D-4431-98B8-A6789365CCF7}.Debug|Any CPU.Build.0 = Debug|Any CPU
		{EA79F06C-507D-4431-98B8-A6789365CCF7}.Release|Any CPU.ActiveCfg = Release|Any CPU
		{EA79F06C-507D-4431-98B8-A6789365CCF7}.Release|Any CPU.Build.0 = Release|Any CPU
		{4CCA1603-A3FB-4C50-B886-8115F7D0DD48}.Debug|Any CPU.ActiveCfg = Debug|Any CPU
		{4CCA1603-A3FB-4C50-B886-8115F7D0DD48}.Debug|Any CPU.Build.0 = Debug|Any CPU
		{4CCA1603-A3FB-4C50-B886-8115F7D0DD48}.Release|Any CPU.ActiveCfg = Release|Any CPU
		{4CCA1603-A3FB-4C50-B886-8115F7D0DD48}.Release|Any CPU.Build.0 = Release|Any CPU
		{D03E70E7-D2A7-44CF-9D41-532E665ECE52}.Debug|Any CPU.ActiveCfg = Debug|Any CPU
		{D03E70E7-D2A7-44CF-9D41-532E665ECE52}.Debug|Any CPU.Build.0 = Debug|Any CPU
		{D03E70E7-D2A7-44CF-9D41-532E665ECE52}.Release|Any CPU.ActiveCfg = Release|Any CPU
		{D03E70E7-D2A7-44CF-9D41-532E665ECE52}.Release|Any CPU.Build.0 = Release|Any CPU
		{326A6A06-CED6-41EA-A243-B4D15D2E1684}.Debug|Any CPU.ActiveCfg = Debug|Any CPU
		{326A6A06-CED6-41EA-A243-B4D15D2E1684}.Debug|Any CPU.Build.0 = Debug|Any CPU
		{326A6A06-CED6-41EA-A243-B4D15D2E1684}.Release|Any CPU.ActiveCfg = Release|Any CPU
		{326A6A06-CED6-41EA-A243-B4D15D2E1684}.Release|Any CPU.Build.0 = Release|Any CPU
		{559FF9F4-7970-4E50-B93C-363379BA54CC}.Debug|Any CPU.ActiveCfg = Debug|Any CPU
		{559FF9F4-7970-4E50-B93C-363379BA54CC}.Debug|Any CPU.Build.0 = Debug|Any CPU
		{559FF9F4-7970-4E50-B93C-363379BA54CC}.Release|Any CPU.ActiveCfg = Release|Any CPU
		{559FF9F4-7970-4E50-B93C-363379BA54CC}.Release|Any CPU.Build.0 = Release|Any CPU
		{DE5D3D0F-C16C-4D43-AFF1-EB092A5D5441}.Debug|Any CPU.ActiveCfg = Debug|Any CPU
		{DE5D3D0F-C16C-4D43-AFF1-EB092A5D5441}.Debug|Any CPU.Build.0 = Debug|Any CPU
		{DE5D3D0F-C16C-4D43-AFF1-EB092A5D5441}.Release|Any CPU.ActiveCfg = Release|Any CPU
		{DE5D3D0F-C16C-4D43-AFF1-EB092A5D5441}.Release|Any CPU.Build.0 = Release|Any CPU
		{9F2BB6F4-F47D-4153-9460-1B72AE549067}.Debug|Any CPU.ActiveCfg = Debug|Any CPU
		{9F2BB6F4-F47D-4153-9460-1B72AE549067}.Debug|Any CPU.Build.0 = Debug|Any CPU
		{9F2BB6F4-F47D-4153-9460-1B72AE549067}.Release|Any CPU.ActiveCfg = Release|Any CPU
		{9F2BB6F4-F47D-4153-9460-1B72AE549067}.Release|Any CPU.Build.0 = Release|Any CPU
	EndGlobalSection
	GlobalSection(NestedProjects) = preSolution
		{13A452C7-1CD4-4056-9F4E-F8A64EA25F29} = {AA5756E5-FBB9-4F3B-84E6-A46D12449DF5}
		{9FF46D59-CD0F-4CBF-96F8-52EE632A8EE3} = {AA5756E5-FBB9-4F3B-84E6-A46D12449DF5}
		{BE1797E4-A5DE-420A-A31F-0545D3C9027B} = {B7F6867F-679C-4182-BAFE-4D0F67FA8212}
		{EA79F06C-507D-4431-98B8-A6789365CCF7} = {B7F6867F-679C-4182-BAFE-4D0F67FA8212}
		{4CCA1603-A3FB-4C50-B886-8115F7D0DD48} = {B7F6867F-679C-4182-BAFE-4D0F67FA8212}
		{B7F6867F-679C-4182-BAFE-4D0F67FA8212} = {AA5756E5-FBB9-4F3B-84E6-A46D12449DF5}
		{D03E70E7-D2A7-44CF-9D41-532E665ECE52} = {2490D311-5634-4143-8281-7E76CA493774}
		{DDEE0398-D2A0-4773-827A-A1580A140979} = {2490D311-5634-4143-8281-7E76CA493774}
		{326A6A06-CED6-41EA-A243-B4D15D2E1684} = {DDEE0398-D2A0-4773-827A-A1580A140979}
		{559FF9F4-7970-4E50-B93C-363379BA54CC} = {B7F6867F-679C-4182-BAFE-4D0F67FA8212}
		{DE5D3D0F-C16C-4D43-AFF1-EB092A5D5441} = {B7F6867F-679C-4182-BAFE-4D0F67FA8212}
		{9F2BB6F4-F47D-4153-9460-1B72AE549067} = {B7F6867F-679C-4182-BAFE-4D0F67FA8212}
	EndGlobalSection
EndGlobal
